
Microsoft Visual Studio Solution File, Format Version 12.00
# Visual Studio Version 17
VisualStudioVersion = 17.4.33205.214
MinimumVisualStudioVersion = 10.0.40219.1
Project("{FAE04EC0-301F-11D3-BF4B-00C04F79EFBC}") = "kar_zarar_rapor", "kar_zarar_rapor.csproj", "{F9A614CF-519F-42B6-95A1-451FFC7D6EBD}"
EndProject
Global
	GlobalSection(SolutionConfigurationPlatforms) = preSolution
		Debug|Any CPU = Debug|Any CPU
		Release|Any CPU = Release|Any CPU
	EndGlobalSection
	GlobalSection(ProjectConfigurationPlatforms) = postSolution
		{F9A614CF-519F-42B6-95A1-451FFC7D6EBD}.Debug|Any CPU.ActiveCfg = Debug|Any CPU
		{F9A614CF-519F-42B6-95A1-451FFC7D6EBD}.Debug|Any CPU.Build.0 = Debug|Any CPU
		{F9A614CF-519F-42B6-95A1-451FFC7D6EBD}.Release|Any CPU.ActiveCfg = Release|Any CPU
		{F9A614CF-519F-42B6-95A1-451FFC7D6EBD}.Release|Any CPU.Build.0 = Release|Any CPU
	EndGlobalSection
	GlobalSection(SolutionProperties) = preSolution
		HideSolutionNode = FALSE
	EndGlobalSection
	GlobalSection(ExtensibilityGlobals) = postSolution
		SolutionGuid = {1AE0BF06-3263-4F38-94C4-D1A2E7574683}
	EndGlobalSection
EndGlobal
