
Microsoft Visual Studio Solution File, Format Version 12.00
# Visual Studio Version 17
VisualStudioVersion = 17.4.33205.214
MinimumVisualStudioVersion = 10.0.40219.1
Project("{FAE04EC0-301F-11D3-BF4B-00C04F79EFBC}") = "Satış", "Satış.csproj", "{2CC4FA5D-0BC7-490A-9226-B937B68E71A6}"
EndProject
Global
	GlobalSection(SolutionConfigurationPlatforms) = preSolution
		Debug|Any CPU = Debug|Any CPU
		Release|Any CPU = Release|Any CPU
	EndGlobalSection
	GlobalSection(ProjectConfigurationPlatforms) = postSolution
		{2CC4FA5D-0BC7-490A-9226-B937B68E71A6}.Debug|Any CPU.ActiveCfg = Debug|Any CPU
		{2CC4FA5D-0BC7-490A-9226-B937B68E71A6}.Debug|Any CPU.Build.0 = Debug|Any CPU
		{2CC4FA5D-0BC7-490A-9226-B937B68E71A6}.Release|Any CPU.ActiveCfg = Release|Any CPU
		{2CC4FA5D-0BC7-490A-9226-B937B68E71A6}.Release|Any CPU.Build.0 = Release|Any CPU
	EndGlobalSection
	GlobalSection(SolutionProperties) = preSolution
		HideSolutionNode = FALSE
	EndGlobalSection
	GlobalSection(ExtensibilityGlobals) = postSolution
		SolutionGuid = {2641F27D-BA43-4597-8491-4D7FC7A6DA14}
	EndGlobalSection
EndGlobal
